<?xml version="1.0" encoding="utf-8"?>
<Project ToolsVersion="4.0" xmlns="http://schemas.microsoft.com/developer/msbuild/2003">
  <ItemGroup>
    <ClCompile Include="linear_extrapolate.cpp" />
    <ClCompile Include="exp_smoothing.cpp" />
    <ClCompile Include="Extrapolation.cpp" />
    <ClCompile Include="mnk_gradient.cpp" />
    <ClCompile Include="mnk_reg.cpp" />
    <ClCompile Include="utils.cpp" />
  </ItemGroup>
  <ItemGroup>
    <ClInclude Include="linear_extrapolate.h" />
    <ClInclude Include="exp_smoothing.h" />
    <ClInclude Include="utils.h" />
    <ClInclude Include="mnk_gradient.h" />
    <ClInclude Include="mnk_reg.h" />
  </ItemGroup>
</Project>